<?xml version="1.0" encoding="UTF-8"?>
<CodeBlocks_project_file>
	<FileVersion major="1" minor="6"/>
	<Project>
		<Option title="octopus"/>
		<Option makefile_is_custom="1"/>
		<Option compiler="gcc"/>
		<Option virtualFolders="CMake Files\;CMake Files\vendor\;CMake Files\src\;CMake Files\src\octopus\;CMake Files\src\application\;"/>
		<Build>
			<Target title="all">
				<Option working_dir="/home/douidik/CLionProjects/octopus"/>
				<Option type="4"/>
				<MakeCommands>
					<Build command="/usr/bin/make -f &quot;/home/douidik/CLionProjects/octopus/Makefile&quot;  VERBOSE=1 all"/>
					<CompileFile command="/usr/bin/make -f &quot;/home/douidik/CLionProjects/octopus/Makefile&quot;  VERBOSE=1 &quot;$file&quot;"/>
					<Clean command="/usr/bin/make -f &quot;/home/douidik/CLionProjects/octopus/Makefile&quot;  VERBOSE=1 clean"/>
					<DistClean command="/usr/bin/make -f &quot;/home/douidik/CLionProjects/octopus/Makefile&quot;  VERBOSE=1 clean"/>
				</MakeCommands>
			</Target>
			<Target title="rebuild_cache">
				<Option working_dir="/home/douidik/CLionProjects/octopus"/>
				<Option type="4"/>
				<MakeCommands>
					<Build command="/usr/bin/make -f &quot;/home/douidik/CLionProjects/octopus/Makefile&quot;  VERBOSE=1 rebuild_cache"/>
					<CompileFile command="/usr/bin/make -f &quot;/home/douidik/CLionProjects/octopus/Makefile&quot;  VERBOSE=1 &quot;$file&quot;"/>
					<Clean command="/usr/bin/make -f &quot;/home/douidik/CLionProjects/octopus/Makefile&quot;  VERBOSE=1 clean"/>
					<DistClean command="/usr/bin/make -f &quot;/home/douidik/CLionProjects/octopus/Makefile&quot;  VERBOSE=1 clean"/>
				</MakeCommands>
			</Target>
			<Target title="edit_cache">
				<Option working_dir="/home/douidik/CLionProjects/octopus"/>
				<Option type="4"/>
				<MakeCommands>
					<Build command="/usr/bin/make -f &quot;/home/douidik/CLionProjects/octopus/Makefile&quot;  VERBOSE=1 edit_cache"/>
					<CompileFile command="/usr/bin/make -f &quot;/home/douidik/CLionProjects/octopus/Makefile&quot;  VERBOSE=1 &quot;$file&quot;"/>
					<Clean command="/usr/bin/make -f &quot;/home/douidik/CLionProjects/octopus/Makefile&quot;  VERBOSE=1 clean"/>
					<DistClean command="/usr/bin/make -f &quot;/home/douidik/CLionProjects/octopus/Makefile&quot;  VERBOSE=1 clean"/>
				</MakeCommands>
			</Target>
			<Target title="octopus">
				<Option output="/home/douidik/CLionProjects/octopus/bin/liboctopus.so" prefix_auto="0" extension_auto="0"/>
				<Option working_dir="/home/douidik/CLionProjects/octopus/src/octopus"/>
				<Option object_output="./"/>
				<Option type="3"/>
				<Option compiler="gcc"/>
				<Compiler>
					<Add directory="/usr/../include/include"/>
					<Add directory="/home/douidik/CLionProjects/octopus/vendor/spdlog/include"/>
					<Add directory="/home/douidik/CLionProjects/octopus/src/octopus"/>
					<Add directory="/home/douidik/CLionProjects/octopus/src/application"/>
				</Compiler>
				<MakeCommands>
					<Build command="/usr/bin/make -f &quot;/home/douidik/CLionProjects/octopus/src/octopus/Makefile&quot;  VERBOSE=1 octopus"/>
					<CompileFile command="/usr/bin/make -f &quot;/home/douidik/CLionProjects/octopus/src/octopus/Makefile&quot;  VERBOSE=1 &quot;$file&quot;"/>
					<Clean command="/usr/bin/make -f &quot;/home/douidik/CLionProjects/octopus/src/octopus/Makefile&quot;  VERBOSE=1 clean"/>
					<DistClean command="/usr/bin/make -f &quot;/home/douidik/CLionProjects/octopus/src/octopus/Makefile&quot;  VERBOSE=1 clean"/>
				</MakeCommands>
			</Target>
			<Target title="octopus/fast">
				<Option output="/home/douidik/CLionProjects/octopus/bin/liboctopus.so" prefix_auto="0" extension_auto="0"/>
				<Option working_dir="/home/douidik/CLionProjects/octopus/src/octopus"/>
				<Option object_output="./"/>
				<Option type="3"/>
				<Option compiler="gcc"/>
				<Compiler>
					<Add directory="/usr/../include/include"/>
					<Add directory="/home/douidik/CLionProjects/octopus/vendor/spdlog/include"/>
					<Add directory="/home/douidik/CLionProjects/octopus/src/octopus"/>
					<Add directory="/home/douidik/CLionProjects/octopus/src/application"/>
				</Compiler>
				<MakeCommands>
					<Build command="/usr/bin/make -f &quot;/home/douidik/CLionProjects/octopus/src/octopus/Makefile&quot;  VERBOSE=1 octopus/fast"/>
					<CompileFile command="/usr/bin/make -f &quot;/home/douidik/CLionProjects/octopus/src/octopus/Makefile&quot;  VERBOSE=1 &quot;$file&quot;"/>
					<Clean command="/usr/bin/make -f &quot;/home/douidik/CLionProjects/octopus/src/octopus/Makefile&quot;  VERBOSE=1 clean"/>
					<DistClean command="/usr/bin/make -f &quot;/home/douidik/CLionProjects/octopus/src/octopus/Makefile&quot;  VERBOSE=1 clean"/>
				</MakeCommands>
			</Target>
		</Build>
		<Unit filename="/home/douidik/CLionProjects/octopus/src/octopus/OctopusPCH.cpp">
			<Option target="octopus"/>
		</Unit>
		<Unit filename="/home/douidik/CLionProjects/octopus/src/octopus/OctopusPCH.h">
			<Option target="octopus"/>
		</Unit>
		<Unit filename="/home/douidik/CLionProjects/octopus/src/octopus/core/Core.cpp">
			<Option target="octopus"/>
		</Unit>
		<Unit filename="/home/douidik/CLionProjects/octopus/src/octopus/core/Core.h">
			<Option target="octopus"/>
		</Unit>
		<Unit filename="/home/douidik/CLionProjects/octopus/src/octopus/core/IApplication.cpp">
			<Option target="octopus"/>
		</Unit>
		<Unit filename="/home/douidik/CLionProjects/octopus/src/octopus/core/IApplication.h">
			<Option target="octopus"/>
		</Unit>
		<Unit filename="/home/douidik/CLionProjects/octopus/src/octopus/util/Log.cpp">
			<Option target="octopus"/>
		</Unit>
		<Unit filename="/home/douidik/CLionProjects/octopus/src/octopus/util/Log.h">
			<Option target="octopus"/>
		</Unit>
		<Unit filename="/home/douidik/CLionProjects/octopus/src/octopus/util/NonCopyable.h">
			<Option target="octopus"/>
		</Unit>
		<Unit filename="/home/douidik/CLionProjects/octopus/CMakeLists.txt">
			<Option virtualFolder="CMake Files\"/>
		</Unit>
		<Unit filename="/home/douidik/CLionProjects/octopus/vendor/RedirectOutputTo.cmake">
			<Option virtualFolder="CMake Files\vendor\"/>
		</Unit>
		<Unit filename="/home/douidik/CLionProjects/octopus/src/octopus/CMakeLists.txt">
			<Option virtualFolder="CMake Files\src\octopus\"/>
		</Unit>
		<Unit filename="/home/douidik/CLionProjects/octopus/src/application/CMakeLists.txt">
			<Option virtualFolder="CMake Files\src\application\"/>
		</Unit>
	</Project>
</CodeBlocks_project_file>
